
Microsoft Visual Studio Solution File, Format Version 12.00
# Visual Studio Version 17
VisualStudioVersion = 17.7.34202.233
MinimumVisualStudioVersion = 10.0.40219.1
Project("{FAE04EC0-301F-11D3-BF4B-00C04F79EFBC}") = "form_chart_db", "form_chart_test\form_chart_db.csproj", "{66E15EAC-FF7D-41C7-B315-3E1880779448}"
EndProject
Global
	GlobalSection(SolutionConfigurationPlatforms) = preSolution
		Debug|Any CPU = Debug|Any CPU
		Release|Any CPU = Release|Any CPU
	EndGlobalSection
	GlobalSection(ProjectConfigurationPlatforms) = postSolution
		{66E15EAC-FF7D-41C7-B315-3E1880779448}.Debug|Any CPU.ActiveCfg = Debug|Any CPU
		{66E15EAC-FF7D-41C7-B315-3E1880779448}.Debug|Any CPU.Build.0 = Debug|Any CPU
		{66E15EAC-FF7D-41C7-B315-3E1880779448}.Release|Any CPU.ActiveCfg = Release|Any CPU
		{66E15EAC-FF7D-41C7-B315-3E1880779448}.Release|Any CPU.Build.0 = Release|Any CPU
	EndGlobalSection
	GlobalSection(SolutionProperties) = preSolution
		HideSolutionNode = FALSE
	EndGlobalSection
	GlobalSection(ExtensibilityGlobals) = postSolution
		SolutionGuid = {9C29974B-7A74-41AB-BFF7-D399255433F2}
	EndGlobalSection
EndGlobal
